<?xml version="1.0" encoding="utf-8"?>
<Project ToolsVersion="4.0" xmlns="http://schemas.microsoft.com/developer/msbuild/2003">
  <ItemGroup>
    <ClCompile Include="Application.cpp">
      <Filter>Application</Filter>
    </ClCompile>
    <ClCompile Include="main.cpp">
      <Filter>Application</Filter>
    </ClCompile>
    <ClCompile Include="pch.cpp">
      <Filter>Application</Filter>
    </ClCompile>
    <ClCompile Include="Window.cpp">
      <Filter>Application</Filter>
    </ClCompile>
    <ClCompile Include="StateGame.cpp">
      <Filter>Machine State</Filter>
    </ClCompile>
    <ClCompile Include="StateManager.cpp">
      <Filter>Machine State</Filter>
    </ClCompile>
    <ClCompile Include="StateMenu.cpp">
      <Filter>Machine State</Filter>
    </ClCompile>
    <ClCompile Include="EntityManager.cpp">
      <Filter>Entity</Filter>
    </ClCompile>
    <ClCompile Include="SystemHealth.cpp">
      <Filter>Systems</Filter>
    </ClCompile>
    <ClCompile Include="SystemSprite.cpp">
      <Filter>Systems</Filter>
    </ClCompile>
    <ClCompile Include="SystemTexture.cpp">
      <Filter>Systems</Filter>
    </ClCompile>
    <ClCompile Include="EntityMinotaur.cpp">
      <Filter>Entity</Filter>
    </ClCompile>
    <ClCompile Include="StateEntityRun.cpp">
      <Filter>Entity State</Filter>
    </ClCompile>
    <ClCompile Include="StateEntityIdle.cpp">
      <Filter>Entity State</Filter>
    </ClCompile>
    <ClCompile Include="SystemAnimation.cpp">
      <Filter>Systems</Filter>
    </ClCompile>
    <ClCompile Include="SystemSpeed.cpp">
      <Filter>Systems</Filter>
    </ClCompile>
    <ClCompile Include="SystemDirection.cpp">
      <Filter>Systems</Filter>
    </ClCompile>
    <ClCompile Include="CommandMoveRight.cpp">
      <Filter>Command\CommandInputs</Filter>
    </ClCompile>
    <ClCompile Include="EventManager.cpp">
      <Filter>Application</Filter>
    </ClCompile>
    <ClCompile Include="CommandMoveLeft.cpp">
      <Filter>Command\CommandInputs</Filter>
    </ClCompile>
    <ClCompile Include="CommandMoveUp.cpp">
      <Filter>Command\CommandInputs</Filter>
    </ClCompile>
    <ClCompile Include="CommandMoveDown.cpp">
      <Filter>Command\CommandInputs</Filter>
    </ClCompile>
    <ClCompile Include="CommandAttack.cpp">
      <Filter>Command\CommandInputs</Filter>
    </ClCompile>
    <ClCompile Include="StateEntityAttack.cpp">
      <Filter>Entity State</Filter>
    </ClCompile>
    <ClCompile Include="CommandDestroyApplication.cpp">
      <Filter>Command\CommandInputs</Filter>
    </ClCompile>
  </ItemGroup>
  <ItemGroup>
    <ClInclude Include="Application.h">
      <Filter>Application</Filter>
    </ClInclude>
    <ClInclude Include="pch.h">
      <Filter>Application</Filter>
    </ClInclude>
    <ClInclude Include="Window.h">
      <Filter>Application</Filter>
    </ClInclude>
    <ClInclude Include="State.h">
      <Filter>Machine State</Filter>
    </ClInclude>
    <ClInclude Include="StateGame.h">
      <Filter>Machine State</Filter>
    </ClInclude>
    <ClInclude Include="StateManager.h">
      <Filter>Machine State</Filter>
    </ClInclude>
    <ClInclude Include="MachineStates.h">
      <Filter>GlobalIncludes</Filter>
    </ClInclude>
    <ClInclude Include="StateMenu.h">
      <Filter>Machine State</Filter>
    </ClInclude>
    <ClInclude Include="Entity.h">
      <Filter>Entity</Filter>
    </ClInclude>
    <ClInclude Include="System.h">
      <Filter>Systems</Filter>
    </ClInclude>
    <ClInclude Include="Systems.h">
      <Filter>GlobalIncludes</Filter>
    </ClInclude>
    <ClInclude Include="EntityManager.h">
      <Filter>Entity</Filter>
    </ClInclude>
    <ClInclude Include="Entities.h">
      <Filter>GlobalIncludes</Filter>
    </ClInclude>
    <ClInclude Include="Resources.h">
      <Filter>Application</Filter>
    </ClInclude>
    <ClInclude Include="SystemHealth.h">
      <Filter>Systems</Filter>
    </ClInclude>
    <ClInclude Include="SystemSprite.h">
      <Filter>Systems</Filter>
    </ClInclude>
    <ClInclude Include="SystemTexture.h">
      <Filter>Systems</Filter>
    </ClInclude>
    <ClInclude Include="EntityMinotaur.h">
      <Filter>Entity</Filter>
    </ClInclude>
    <ClInclude Include="StateEntity.h">
      <Filter>Entity State</Filter>
    </ClInclude>
    <ClInclude Include="StateEntityRun.h">
      <Filter>Entity State</Filter>
    </ClInclude>
    <ClInclude Include="EntityStates.h">
      <Filter>GlobalIncludes</Filter>
    </ClInclude>
    <ClInclude Include="StateEntityIdle.h">
      <Filter>Entity State</Filter>
    </ClInclude>
    <ClInclude Include="SystemAnimation.h">
      <Filter>Systems</Filter>
    </ClInclude>
    <ClInclude Include="Command.h">
      <Filter>Command</Filter>
    </ClInclude>
    <ClInclude Include="CommandKey.h">
      <Filter>Command</Filter>
    </ClInclude>
    <ClInclude Include="CommandInput.h">
      <Filter>Command</Filter>
    </ClInclude>
    <ClInclude Include="SystemSpeed.h">
      <Filter>Systems</Filter>
    </ClInclude>
    <ClInclude Include="SystemDirection.h">
      <Filter>Systems</Filter>
    </ClInclude>
    <ClInclude Include="CommandMoveRight.h">
      <Filter>Command\CommandInputs</Filter>
    </ClInclude>
    <ClInclude Include="EventManager.h">
      <Filter>Application</Filter>
    </ClInclude>
    <ClInclude Include="CommandInputs.h">
      <Filter>GlobalIncludes</Filter>
    </ClInclude>
    <ClInclude Include="CommandMoveLeft.h">
      <Filter>Command\CommandInputs</Filter>
    </ClInclude>
    <ClInclude Include="CommandMoveUp.h">
      <Filter>Command\CommandInputs</Filter>
    </ClInclude>
    <ClInclude Include="CommandMoveDown.h">
      <Filter>Command\CommandInputs</Filter>
    </ClInclude>
    <ClInclude Include="CommandAttack.h">
      <Filter>Command\CommandInputs</Filter>
    </ClInclude>
    <ClInclude Include="StateEntityAttack.h">
      <Filter>Entity State</Filter>
    </ClInclude>
    <ClInclude Include="CommandDestroyApplication.h">
      <Filter>Command\CommandInputs</Filter>
    </ClInclude>
  </ItemGroup>
  <ItemGroup>
    <Filter Include="Application">
      <UniqueIdentifier>{8207224c-9244-485c-b8cc-9fc3053623ab}</UniqueIdentifier>
    </Filter>
    <Filter Include="Machine State">
      <UniqueIdentifier>{8318392e-079a-4598-88cf-915a5b43d684}</UniqueIdentifier>
    </Filter>
    <Filter Include="GlobalIncludes">
      <UniqueIdentifier>{dd69a218-9765-44e5-9788-0dc12f8c5d86}</UniqueIdentifier>
    </Filter>
    <Filter Include="Entity">
      <UniqueIdentifier>{837ef394-6a79-4a05-a4f2-307a0813fb61}</UniqueIdentifier>
    </Filter>
    <Filter Include="Systems">
      <UniqueIdentifier>{6ac23c61-2989-4fba-b363-9b00e1b02f80}</UniqueIdentifier>
    </Filter>
    <Filter Include="Entity State">
      <UniqueIdentifier>{31017bb1-773b-4eb9-8c22-807ae4913d26}</UniqueIdentifier>
    </Filter>
    <Filter Include="Command">
      <UniqueIdentifier>{ee81e656-560a-496b-8d07-3f186df11a6f}</UniqueIdentifier>
    </Filter>
    <Filter Include="Command\CommandInputs">
      <UniqueIdentifier>{52727737-e1d8-4181-8dc3-a1986ebbad78}</UniqueIdentifier>
    </Filter>
  </ItemGroup>
  <ItemGroup>
    <None Include="packages.config">
      <Filter>Application</Filter>
    </None>
  </ItemGroup>
</Project>